
Microsoft Visual Studio Solution File, Format Version 11.00
# Visual Studio 2010
Project("{FAE04EC0-301F-11D3-BF4B-00C04F79EFBC}") = "WcfTest", "WcfTest\WcfTest.csproj", "{B0320D34-167B-4573-98AF-DE982AECCCEC}"
EndProject
Project("{FAE04EC0-301F-11D3-BF4B-00C04F79EFBC}") = "Contracts", "Contracts\Contracts.csproj", "{4514E0CE-A3DF-402C-8D3C-49148E0887F5}"
EndProject
Project("{FAE04EC0-301F-11D3-BF4B-00C04F79EFBC}") = "Services", "Services\Services.csproj", "{17648071-17B8-44EA-B489-4780170B826B}"
EndProject
Project("{FAE04EC0-301F-11D3-BF4B-00C04F79EFBC}") = "ConsoleApplicationClient", "ConsoleApplicationClient\ConsoleApplicationClient.csproj", "{038723CA-C02F-4FCB-B715-E99E4A59911A}"
EndProject
Global
	GlobalSection(SolutionConfigurationPlatforms) = preSolution
		Debug|Any CPU = Debug|Any CPU
		Debug|Mixed Platforms = Debug|Mixed Platforms
		Debug|x86 = Debug|x86
		Release|Any CPU = Release|Any CPU
		Release|Mixed Platforms = Release|Mixed Platforms
		Release|x86 = Release|x86
	EndGlobalSection
	GlobalSection(ProjectConfigurationPlatforms) = postSolution
		{B0320D34-167B-4573-98AF-DE982AECCCEC}.Debug|Any CPU.ActiveCfg = Debug|x86
		{B0320D34-167B-4573-98AF-DE982AECCCEC}.Debug|Mixed Platforms.ActiveCfg = Debug|x86
		{B0320D34-167B-4573-98AF-DE982AECCCEC}.Debug|Mixed Platforms.Build.0 = Debug|x86
		{B0320D34-167B-4573-98AF-DE982AECCCEC}.Debug|x86.ActiveCfg = Debug|x86
		{B0320D34-167B-4573-98AF-DE982AECCCEC}.Debug|x86.Build.0 = Debug|x86
		{B0320D34-167B-4573-98AF-DE982AECCCEC}.Release|Any CPU.ActiveCfg = Release|x86
		{B0320D34-167B-4573-98AF-DE982AECCCEC}.Release|Mixed Platforms.ActiveCfg = Release|x86
		{B0320D34-167B-4573-98AF-DE982AECCCEC}.Release|Mixed Platforms.Build.0 = Release|x86
		{B0320D34-167B-4573-98AF-DE982AECCCEC}.Release|x86.ActiveCfg = Release|x86
		{B0320D34-167B-4573-98AF-DE982AECCCEC}.Release|x86.Build.0 = Release|x86
		{4514E0CE-A3DF-402C-8D3C-49148E0887F5}.Debug|Any CPU.ActiveCfg = Debug|Any CPU
		{4514E0CE-A3DF-402C-8D3C-49148E0887F5}.Debug|Any CPU.Build.0 = Debug|Any CPU
		{4514E0CE-A3DF-402C-8D3C-49148E0887F5}.Debug|Mixed Platforms.ActiveCfg = Debug|Any CPU
		{4514E0CE-A3DF-402C-8D3C-49148E0887F5}.Debug|Mixed Platforms.Build.0 = Debug|Any CPU
		{4514E0CE-A3DF-402C-8D3C-49148E0887F5}.Debug|x86.ActiveCfg = Debug|Any CPU
		{4514E0CE-A3DF-402C-8D3C-49148E0887F5}.Release|Any CPU.ActiveCfg = Release|Any CPU
		{4514E0CE-A3DF-402C-8D3C-49148E0887F5}.Release|Any CPU.Build.0 = Release|Any CPU
		{4514E0CE-A3DF-402C-8D3C-49148E0887F5}.Release|Mixed Platforms.ActiveCfg = Release|Any CPU
		{4514E0CE-A3DF-402C-8D3C-49148E0887F5}.Release|Mixed Platforms.Build.0 = Release|Any CPU
		{4514E0CE-A3DF-402C-8D3C-49148E0887F5}.Release|x86.ActiveCfg = Release|Any CPU
		{17648071-17B8-44EA-B489-4780170B826B}.Debug|Any CPU.ActiveCfg = Debug|Any CPU
		{17648071-17B8-44EA-B489-4780170B826B}.Debug|Any CPU.Build.0 = Debug|Any CPU
		{17648071-17B8-44EA-B489-4780170B826B}.Debug|Mixed Platforms.ActiveCfg = Debug|Any CPU
		{17648071-17B8-44EA-B489-4780170B826B}.Debug|Mixed Platforms.Build.0 = Debug|Any CPU
		{17648071-17B8-44EA-B489-4780170B826B}.Debug|x86.ActiveCfg = Debug|Any CPU
		{17648071-17B8-44EA-B489-4780170B826B}.Release|Any CPU.ActiveCfg = Release|Any CPU
		{17648071-17B8-44EA-B489-4780170B826B}.Release|Any CPU.Build.0 = Release|Any CPU
		{17648071-17B8-44EA-B489-4780170B826B}.Release|Mixed Platforms.ActiveCfg = Release|Any CPU
		{17648071-17B8-44EA-B489-4780170B826B}.Release|Mixed Platforms.Build.0 = Release|Any CPU
		{17648071-17B8-44EA-B489-4780170B826B}.Release|x86.ActiveCfg = Release|Any CPU
		{038723CA-C02F-4FCB-B715-E99E4A59911A}.Debug|Any CPU.ActiveCfg = Debug|x86
		{038723CA-C02F-4FCB-B715-E99E4A59911A}.Debug|Mixed Platforms.ActiveCfg = Debug|x86
		{038723CA-C02F-4FCB-B715-E99E4A59911A}.Debug|Mixed Platforms.Build.0 = Debug|x86
		{038723CA-C02F-4FCB-B715-E99E4A59911A}.Debug|x86.ActiveCfg = Debug|x86
		{038723CA-C02F-4FCB-B715-E99E4A59911A}.Debug|x86.Build.0 = Debug|x86
		{038723CA-C02F-4FCB-B715-E99E4A59911A}.Release|Any CPU.ActiveCfg = Release|x86
		{038723CA-C02F-4FCB-B715-E99E4A59911A}.Release|Mixed Platforms.ActiveCfg = Release|x86
		{038723CA-C02F-4FCB-B715-E99E4A59911A}.Release|Mixed Platforms.Build.0 = Release|x86
		{038723CA-C02F-4FCB-B715-E99E4A59911A}.Release|x86.ActiveCfg = Release|x86
		{038723CA-C02F-4FCB-B715-E99E4A59911A}.Release|x86.Build.0 = Release|x86
	EndGlobalSection
	GlobalSection(SolutionProperties) = preSolution
		HideSolutionNode = FALSE
	EndGlobalSection
EndGlobal
